
Microsoft Visual Studio Solution File, Format Version 12.00
# Visual Studio 14
VisualStudioVersion = 14.0.25420.1
MinimumVisualStudioVersion = 10.0.40219.1
Project("{FAE04EC0-301F-11D3-BF4B-00C04F79EFBC}") = "BarcodeDupChecker", "BarcodeDupChecker\BarcodeDupChecker.csproj", "{F36BF39A-0445-4B2C-A805-C8F8A16C9372}"
EndProject
Project("{FAE04EC0-301F-11D3-BF4B-00C04F79EFBC}") = "TestSerialPort", "TestSerialPort\TestSerialPort.csproj", "{AF2FB524-CE6C-44AE-9B31-259FDD1779B1}"
EndProject
Project("{FAE04EC0-301F-11D3-BF4B-00C04F79EFBC}") = "SPInvoke", "SPInvoke\SPInvoke.csproj", "{59F443CD-B340-4E9A-91BD-C65A64FDB10A}"
EndProject
Project("{FAE04EC0-301F-11D3-BF4B-00C04F79EFBC}") = "SPStream", "SPStream\SPStream.csproj", "{09981B17-5AA4-42AE-B5E6-C3BA05532EE0}"
EndProject
Global
	GlobalSection(SolutionConfigurationPlatforms) = preSolution
		Debug|Any CPU = Debug|Any CPU
		Debug|x86 = Debug|x86
		Release|Any CPU = Release|Any CPU
		Release|x86 = Release|x86
	EndGlobalSection
	GlobalSection(ProjectConfigurationPlatforms) = postSolution
		{F36BF39A-0445-4B2C-A805-C8F8A16C9372}.Debug|Any CPU.ActiveCfg = Debug|Any CPU
		{F36BF39A-0445-4B2C-A805-C8F8A16C9372}.Debug|Any CPU.Build.0 = Debug|Any CPU
		{F36BF39A-0445-4B2C-A805-C8F8A16C9372}.Debug|x86.ActiveCfg = Debug|x86
		{F36BF39A-0445-4B2C-A805-C8F8A16C9372}.Debug|x86.Build.0 = Debug|x86
		{F36BF39A-0445-4B2C-A805-C8F8A16C9372}.Release|Any CPU.ActiveCfg = Release|Any CPU
		{F36BF39A-0445-4B2C-A805-C8F8A16C9372}.Release|Any CPU.Build.0 = Release|Any CPU
		{F36BF39A-0445-4B2C-A805-C8F8A16C9372}.Release|x86.ActiveCfg = Release|x86
		{F36BF39A-0445-4B2C-A805-C8F8A16C9372}.Release|x86.Build.0 = Release|x86
		{AF2FB524-CE6C-44AE-9B31-259FDD1779B1}.Debug|Any CPU.ActiveCfg = Debug|Any CPU
		{AF2FB524-CE6C-44AE-9B31-259FDD1779B1}.Debug|Any CPU.Build.0 = Debug|Any CPU
		{AF2FB524-CE6C-44AE-9B31-259FDD1779B1}.Debug|x86.ActiveCfg = Debug|Any CPU
		{AF2FB524-CE6C-44AE-9B31-259FDD1779B1}.Debug|x86.Build.0 = Debug|Any CPU
		{AF2FB524-CE6C-44AE-9B31-259FDD1779B1}.Release|Any CPU.ActiveCfg = Release|Any CPU
		{AF2FB524-CE6C-44AE-9B31-259FDD1779B1}.Release|Any CPU.Build.0 = Release|Any CPU
		{AF2FB524-CE6C-44AE-9B31-259FDD1779B1}.Release|x86.ActiveCfg = Release|Any CPU
		{AF2FB524-CE6C-44AE-9B31-259FDD1779B1}.Release|x86.Build.0 = Release|Any CPU
		{59F443CD-B340-4E9A-91BD-C65A64FDB10A}.Debug|Any CPU.ActiveCfg = Debug|Any CPU
		{59F443CD-B340-4E9A-91BD-C65A64FDB10A}.Debug|Any CPU.Build.0 = Debug|Any CPU
		{59F443CD-B340-4E9A-91BD-C65A64FDB10A}.Debug|x86.ActiveCfg = Debug|Any CPU
		{59F443CD-B340-4E9A-91BD-C65A64FDB10A}.Debug|x86.Build.0 = Debug|Any CPU
		{59F443CD-B340-4E9A-91BD-C65A64FDB10A}.Release|Any CPU.ActiveCfg = Release|Any CPU
		{59F443CD-B340-4E9A-91BD-C65A64FDB10A}.Release|Any CPU.Build.0 = Release|Any CPU
		{59F443CD-B340-4E9A-91BD-C65A64FDB10A}.Release|x86.ActiveCfg = Release|Any CPU
		{59F443CD-B340-4E9A-91BD-C65A64FDB10A}.Release|x86.Build.0 = Release|Any CPU
		{09981B17-5AA4-42AE-B5E6-C3BA05532EE0}.Debug|Any CPU.ActiveCfg = Debug|Any CPU
		{09981B17-5AA4-42AE-B5E6-C3BA05532EE0}.Debug|Any CPU.Build.0 = Debug|Any CPU
		{09981B17-5AA4-42AE-B5E6-C3BA05532EE0}.Debug|x86.ActiveCfg = Debug|Any CPU
		{09981B17-5AA4-42AE-B5E6-C3BA05532EE0}.Debug|x86.Build.0 = Debug|Any CPU
		{09981B17-5AA4-42AE-B5E6-C3BA05532EE0}.Release|Any CPU.ActiveCfg = Release|Any CPU
		{09981B17-5AA4-42AE-B5E6-C3BA05532EE0}.Release|Any CPU.Build.0 = Release|Any CPU
		{09981B17-5AA4-42AE-B5E6-C3BA05532EE0}.Release|x86.ActiveCfg = Release|Any CPU
		{09981B17-5AA4-42AE-B5E6-C3BA05532EE0}.Release|x86.Build.0 = Release|Any CPU
	EndGlobalSection
	GlobalSection(SolutionProperties) = preSolution
		HideSolutionNode = FALSE
	EndGlobalSection
EndGlobal
